
Microsoft Visual Studio Solution File, Format Version 12.00
# Visual Studio 15
VisualStudioVersion = 15.0.28307.329
MinimumVisualStudioVersion = 10.0.40219.1
Project("{F184B08F-C81C-45F6-A57F-5ABD9991F28F}") = "JsonTestTwo", "JsonTestTwo\JsonTestTwo.vbproj", "{389061CE-FC08-47E9-AD3B-E18BA5BA042C}"
EndProject
Global
	GlobalSection(SolutionConfigurationPlatforms) = preSolution
		Debug|Any CPU = Debug|Any CPU
		Release|Any CPU = Release|Any CPU
	EndGlobalSection
	GlobalSection(ProjectConfigurationPlatforms) = postSolution
		{389061CE-FC08-47E9-AD3B-E18BA5BA042C}.Debug|Any CPU.ActiveCfg = Debug|Any CPU
		{389061CE-FC08-47E9-AD3B-E18BA5BA042C}.Debug|Any CPU.Build.0 = Debug|Any CPU
		{389061CE-FC08-47E9-AD3B-E18BA5BA042C}.Release|Any CPU.ActiveCfg = Release|Any CPU
		{389061CE-FC08-47E9-AD3B-E18BA5BA042C}.Release|Any CPU.Build.0 = Release|Any CPU
	EndGlobalSection
	GlobalSection(SolutionProperties) = preSolution
		HideSolutionNode = FALSE
	EndGlobalSection
	GlobalSection(ExtensibilityGlobals) = postSolution
		SolutionGuid = {80F792FE-9FC0-45B2-8ADD-C809B910C94C}
	EndGlobalSection
EndGlobal
